
Microsoft Visual Studio Solution File, Format Version 12.00
# Visual Studio Version 17
VisualStudioVersion = 17.12.35506.116 d17.12
MinimumVisualStudioVersion = 10.0.40219.1
Project("{FAE04EC0-301F-11D3-BF4B-00C04F79EFBC}") = "CSharpEgitimKampi_Project1", "CSharpEgitimKampi\CSharpEgitimKampi_Project1.csproj", "{64A3673B-2133-40ED-B204-CA89A0307EB4}"
EndProject
Project("{FAE04EC0-301F-11D3-BF4B-00C04F79EFBC}") = "CSharpEgitimKampi_Project2", "Project1\CSharpEgitimKampi_Project2.csproj", "{1D1F9B5F-35FC-4FDF-AC26-4D3588E4825C}"
EndProject
Global
	GlobalSection(SolutionConfigurationPlatforms) = preSolution
		Debug|Any CPU = Debug|Any CPU
		Release|Any CPU = Release|Any CPU
	EndGlobalSection
	GlobalSection(ProjectConfigurationPlatforms) = postSolution
		{64A3673B-2133-40ED-B204-CA89A0307EB4}.Debug|Any CPU.ActiveCfg = Debug|Any CPU
		{64A3673B-2133-40ED-B204-CA89A0307EB4}.Debug|Any CPU.Build.0 = Debug|Any CPU
		{64A3673B-2133-40ED-B204-CA89A0307EB4}.Release|Any CPU.ActiveCfg = Release|Any CPU
		{64A3673B-2133-40ED-B204-CA89A0307EB4}.Release|Any CPU.Build.0 = Release|Any CPU
		{1D1F9B5F-35FC-4FDF-AC26-4D3588E4825C}.Debug|Any CPU.ActiveCfg = Debug|Any CPU
		{1D1F9B5F-35FC-4FDF-AC26-4D3588E4825C}.Debug|Any CPU.Build.0 = Debug|Any CPU
		{1D1F9B5F-35FC-4FDF-AC26-4D3588E4825C}.Release|Any CPU.ActiveCfg = Release|Any CPU
		{1D1F9B5F-35FC-4FDF-AC26-4D3588E4825C}.Release|Any CPU.Build.0 = Release|Any CPU
	EndGlobalSection
	GlobalSection(SolutionProperties) = preSolution
		HideSolutionNode = FALSE
	EndGlobalSection
EndGlobal
